{
  "version": 1,
  "dependencies": {
    "net8.0": {
      "coverlet.collector": {
        "type": "Direct",
        "requested": "[10.0.0, )",
        "resolved": "10.0.0",
        "contentHash": "WFejCcOUR6k8UYyDnnR6Gk+obFYMsWrZuNqPJnsVFGVhpPSN0y20D4qbdKJnXinYGx9PQ397Hf9TnU1NBST8vA=="
      },
      "Microsoft.NET.Test.Sdk": {
        "type": "Direct",
        "requested": "[18.5.1, )",
        "resolved": "18.5.1",
        "contentHash": "SfqVaLiIqAbRWuPg5BP4QFwBIirQj/YIL8Dhxl6zntBKbXp0cQykoV480SmwG+yRMiWptxEI6NbHQuGSZ8b97w==",
        "dependencies": {
          "Microsoft.CodeCoverage": "18.5.1",
          "Microsoft.TestPlatform.TestHost": "18.5.1"
        }
      },
      "MSTest.TestAdapter": {
        "type": "Direct",
        "requested": "[4.2.1, )",
        "resolved": "4.2.1",
        "contentHash": "lZRgNzaQnffK4XLjM/og4Eoqp/3IkpcyJQQcyKXkPdkzCT3+ghpwHa9zG1xYhQDbUFoc54M+/waLwh31K9stDQ==",
        "dependencies": {
          "MSTest.TestFramework": "4.2.1",
          "Microsoft.Testing.Extensions.VSTestBridge": "2.2.1",
          "Microsoft.Testing.Platform.MSBuild": "2.2.1"
        }
      },
      "MSTest.TestFramework": {
        "type": "Direct",
        "requested": "[4.2.2, )",
        "resolved": "4.2.2",
        "contentHash": "IGjOt2kE6NxIgWYcM40DYSzCFaajLe6wHEICPRBnCqj1K4f9HrBLMPo4PE4mM/uKHNgDBvhvj/t1bXenUcQKqQ==",
        "dependencies": {
          "MSTest.Analyzers": "4.2.2"
        }
      },
      "Microsoft.ApplicationInsights": {
        "type": "Transitive",
        "resolved": "2.23.0",
        "contentHash": "nWArUZTdU7iqZLycLKWe0TDms48KKGE6pONH2terYNa8REXiqixrMOkf1sk5DHGMaUTqONU2YkS4SAXBhLStgw==",
        "dependencies": {
          "System.Diagnostics.DiagnosticSource": "5.0.0"
        }
      },
      "Microsoft.CodeCoverage": {
        "type": "Transitive",
        "resolved": "18.5.1",
        "contentHash": "vMFDR1ZjqzzgKmM0zrPie7Gv9Y+ZppjODB5Quzu9Eq0TlIusUfUCYFPEawO91zQuqwzvdFbJSU7WHNtjStffJQ=="
      },
      "Microsoft.Testing.Extensions.Telemetry": {
        "type": "Transitive",
        "resolved": "2.2.1",
        "contentHash": "7zB8BjffOyvqfHF26rFVPuK0w1fCf5+j1tLuhHIr76CqxXkGb+fMJtq6YNOV+m6qPytExHMXxluk3RgJ+dSIqw==",
        "dependencies": {
          "Microsoft.ApplicationInsights": "2.23.0",
          "Microsoft.Testing.Platform": "2.2.1"
        }
      },
      "Microsoft.Testing.Extensions.TrxReport.Abstractions": {
        "type": "Transitive",
        "resolved": "2.2.1",
        "contentHash": "RD6D1Jx6cKDA5IHd1H2q8ylIuQG3PD+gdULI0JC8CvsRtaypFzTFpB5xDPuQi8o6kAkcM04cBhAiJPxZboNH2Q==",
        "dependencies": {
          "Microsoft.Testing.Platform": "2.2.1"
        }
      },
      "Microsoft.Testing.Extensions.VSTestBridge": {
        "type": "Transitive",
        "resolved": "2.2.1",
        "contentHash": "D8AGlkNtlTQPe3zf4SLnHBMr13lerMe0RuHSoRfnRatcuX/T7YbRtgn39rWBjKhXsNio0WXKrPKv3gfWE2I46w==",
        "dependencies": {
          "Microsoft.TestPlatform.ObjectModel": "18.3.0",
          "Microsoft.Testing.Extensions.Telemetry": "2.2.1",
          "Microsoft.Testing.Extensions.TrxReport.Abstractions": "2.2.1",
          "Microsoft.Testing.Platform": "2.2.1"
        }
      },
      "Microsoft.Testing.Platform": {
        "type": "Transitive",
        "resolved": "2.2.1",
        "contentHash": "9bbPuls/b6/vUFzxbSjJLZlJHyKBfOZE5kjIY+ITI2ASqlFPJhR83BdLydJeQOCLEZhEbrEcz5xtt1B69nwSVg=="
      },
      "Microsoft.Testing.Platform.MSBuild": {
        "type": "Transitive",
        "resolved": "2.2.1",
        "contentHash": "CSJOcZHfKlTyPbS0CTJk6iEnU4gJC+eUA5z72UBnMDRdgVHYOmB8k9Y7jT233gZjnCOQiYFg3acQHRfu2H62nw==",
        "dependencies": {
          "Microsoft.Testing.Platform": "2.2.1"
        }
      },
      "Microsoft.TestPlatform.ObjectModel": {
        "type": "Transitive",
        "resolved": "18.5.1",
        "contentHash": "KNZd+M0S0rz5eNAln0pbZX+A/RbokYZCbGKx4fN4CkhtWhkz6nSJDO+9LGYjRE4d0WPVriJ2JnVubkjt3+PpMg==",
        "dependencies": {
          "System.Reflection.Metadata": "8.0.0"
        }
      },
      "Microsoft.TestPlatform.TestHost": {
        "type": "Transitive",
        "resolved": "18.5.1",
        "contentHash": "RM+3JNHEoHOCFXzVntUcIiYxzPjzBN0N8wto6HYXi76YyBTZ/3CeRL8U+Pk5zx3AUrOmHxDvKJwGUCdElU9bJg==",
        "dependencies": {
          "Microsoft.TestPlatform.ObjectModel": "18.5.1",
          "Newtonsoft.Json": "13.0.3"
        }
      },
      "MSTest.Analyzers": {
        "type": "Transitive",
        "resolved": "4.2.2",
        "contentHash": "0VUx09Q6MdPlTCG+xTqEoXIrjr32F1Ya5EI/hfQdRSczZh61AWWtCdGXRCe3DDfUUbPVvFBZTJcrlTT1Cv25Dg=="
      },
      "Newtonsoft.Json": {
        "type": "Transitive",
        "resolved": "13.0.3",
        "contentHash": "HrC5BXdl00IP9zeV+0Z848QWPAoCr9P3bDEZguI+gkLcBKAOxix/tLEAAHC+UvDNPv4a2d18lOReHMOagPa+zQ=="
      },
      "System.CodeDom": {
        "type": "Transitive",
        "resolved": "8.0.0",
        "contentHash": "WTlRjL6KWIMr/pAaq3rYqh0TJlzpouaQ/W1eelssHgtlwHAH25jXTkUphTYx9HaIIf7XA6qs/0+YhtLEQRkJ+Q=="
      },
      "System.Collections.Immutable": {
        "type": "Transitive",
        "resolved": "8.0.0",
        "contentHash": "AurL6Y5BA1WotzlEvVaIDpqzpIPvYnnldxru8oXJU2yFxFUy3+pNXjXd1ymO+RA0rq0+590Q8gaz2l3Sr7fmqg=="
      },
      "System.Diagnostics.DiagnosticSource": {
        "type": "Transitive",
        "resolved": "5.0.0",
        "contentHash": "tCQTzPsGZh/A9LhhA6zrqCRV4hOHsK90/G7q3Khxmn6tnB1PuNU0cRaKANP2AWcF9bn0zsuOoZOSrHuJk6oNBA=="
      },
      "System.Reflection.Metadata": {
        "type": "Transitive",
        "resolved": "8.0.0",
        "contentHash": "ptvgrFh7PvWI8bcVqG5rsA/weWM09EnthFHR5SCnS6IN+P4mj6rE1lBDC4U8HL9/57htKAqy4KQ3bBj84cfYyQ==",
        "dependencies": {
          "System.Collections.Immutable": "8.0.0"
        }
      },
      "dotnet-rpc-gen": {
        "type": "Project",
        "dependencies": {
          "System.CodeDom": "[8.0.0, )",
          "Xdr": "[0.6.0, )"
        }
      },
      "xdr": {
        "type": "Project"
      }
    }
  }
}